info:
  name: Create Compliance Lock
  type: http
  seq: 16

http:
  method: POST
  url: "{{baseUrl}}/v1/project/:projectId/compliance-lock"
  params:
    - name: projectId
      value: cd5e788d-5b7b-4ab9-a20d-e790205df10b
      type: path
      description: STACKIT project ID
  auth: inherit

settings:
  encodeUrl: true
  timeout: 0
  followRedirects: true
  maxRedirects: 5

examples:
  - name: 201 Response
    description: Successful Response
    request:
      url: "{{baseUrl}}/v1/project/:projectId/compliance-lock"
      method: POST
      params:
        - name: projectId
          value: cd5e788d-5b7b-4ab9-a20d-e790205df10b
          type: path
          description: STACKIT project ID
    response:
      status: 201
      statusText: Created
      headers:
        - name: Content-Type
          value: application/json
      body:
        type: json
        data: |-
          {
            "maxRetentionDays": 365,
            "project": "cd5e788d-5b7b-4ab9-a20d-e790205df10b"
          }
  - name: 404 Response
    description: Not Found
    request:
      url: "{{baseUrl}}/v1/project/:projectId/compliance-lock"
      method: POST
      params:
        - name: projectId
          value: cd5e788d-5b7b-4ab9-a20d-e790205df10b
          type: path
          description: STACKIT project ID
    response:
      status: 404
      statusText: Not Found
      headers:
        - name: Content-Type
          value: application/json
      body:
        type: json
        data: |-
          {
            "detail": [
              {
                "key": "example.error_key",
                "msg": "Some details about the error."
              }
            ]
          }
  - name: 409 Response
    description: Conflict
    request:
      url: "{{baseUrl}}/v1/project/:projectId/compliance-lock"
      method: POST
      params:
        - name: projectId
          value: cd5e788d-5b7b-4ab9-a20d-e790205df10b
          type: path
          description: STACKIT project ID
    response:
      status: 409
      statusText: Conflict
      headers:
        - name: Content-Type
          value: application/json
      body:
        type: json
        data: |-
          {
            "detail": [
              {
                "key": "example.error_key",
                "msg": "Some details about the error."
              }
            ]
          }
  - name: 500 Response
    description: Internal Server Error
    request:
      url: "{{baseUrl}}/v1/project/:projectId/compliance-lock"
      method: POST
      params:
        - name: projectId
          value: cd5e788d-5b7b-4ab9-a20d-e790205df10b
          type: path
          description: STACKIT project ID
    response:
      status: 500
      statusText: Internal Server Error
      headers:
        - name: Content-Type
          value: application/json
      body:
        type: json
        data: |-
          {
            "detail": [
              {
                "key": "example.error_key",
                "msg": "Some details about the error."
              }
            ]
          }

docs: Enable compliance lock for a project.
