info:
  name: DisableLock
  type: http
  seq: 25

http:
  method: DELETE
  url: "{{baseUrl}}/v1/regions/:region/project/:projectId/locks"
  params:
    - name: region
      value: ""
      type: path
    - name: projectId
      value: ""
      type: path
  auth: inherit

settings:
  encodeUrl: true
  timeout: 0
  followRedirects: true
  maxRedirects: 5

docs: Clean up locks for a project so that it can be deleted successfully.
